
Microsoft Visual Studio Solution File, Format Version 12.00
# Visual Studio Version 17
VisualStudioVersion = 17.6.33801.468
MinimumVisualStudioVersion = 10.0.40219.1
Project("{8BC9CEB8-8B4A-11D0-8D11-00A0C91BC942}") = "职工管理系统", "职工管理系统\职工管理系统.vcxproj", "{A6B570E8-CA95-467E-84CE-750297D3692B}"
EndProject
Global
	GlobalSection(SolutionConfigurationPlatforms) = preSolution
		Debug|x64 = Debug|x64
		Debug|x86 = Debug|x86
		Release|x64 = Release|x64
		Release|x86 = Release|x86
	EndGlobalSection
	GlobalSection(ProjectConfigurationPlatforms) = postSolution
		{A6B570E8-CA95-467E-84CE-750297D3692B}.Debug|x64.ActiveCfg = Debug|x64
		{A6B570E8-CA95-467E-84CE-750297D3692B}.Debug|x64.Build.0 = Debug|x64
		{A6B570E8-CA95-467E-84CE-750297D3692B}.Debug|x86.ActiveCfg = Debug|Win32
		{A6B570E8-CA95-467E-84CE-750297D3692B}.Debug|x86.Build.0 = Debug|Win32
		{A6B570E8-CA95-467E-84CE-750297D3692B}.Release|x64.ActiveCfg = Release|x64
		{A6B570E8-CA95-467E-84CE-750297D3692B}.Release|x64.Build.0 = Release|x64
		{A6B570E8-CA95-467E-84CE-750297D3692B}.Release|x86.ActiveCfg = Release|Win32
		{A6B570E8-CA95-467E-84CE-750297D3692B}.Release|x86.Build.0 = Release|Win32
	EndGlobalSection
	GlobalSection(SolutionProperties) = preSolution
		HideSolutionNode = FALSE
	EndGlobalSection
	GlobalSection(ExtensibilityGlobals) = postSolution
		SolutionGuid = {ECDF3B57-4A07-429A-9E82-9F6E9694B093}
	EndGlobalSection
EndGlobal
